
Microsoft Visual Studio Solution File, Format Version 12.00
# Visual Studio Version 16
VisualStudioVersion = 16.0.33529.622
MinimumVisualStudioVersion = 10.0.40219.1
Project("{F184B08F-C81C-45F6-A57F-5ABD9991F28F}") = "WebApplication2", "WebApplication2\WebApplication2.vbproj", "{DA219D8E-235E-46F2-899F-6AEFBD050E39}"
EndProject
Global
	GlobalSection(SolutionConfigurationPlatforms) = preSolution
		Debug|Any CPU = Debug|Any CPU
		Release|Any CPU = Release|Any CPU
	EndGlobalSection
	GlobalSection(ProjectConfigurationPlatforms) = postSolution
		{DA219D8E-235E-46F2-899F-6AEFBD050E39}.Debug|Any CPU.ActiveCfg = Debug|Any CPU
		{DA219D8E-235E-46F2-899F-6AEFBD050E39}.Debug|Any CPU.Build.0 = Debug|Any CPU
		{DA219D8E-235E-46F2-899F-6AEFBD050E39}.Release|Any CPU.ActiveCfg = Release|Any CPU
		{DA219D8E-235E-46F2-899F-6AEFBD050E39}.Release|Any CPU.Build.0 = Release|Any CPU
	EndGlobalSection
	GlobalSection(SolutionProperties) = preSolution
		HideSolutionNode = FALSE
	EndGlobalSection
	GlobalSection(ExtensibilityGlobals) = postSolution
		SolutionGuid = {F62D6D5B-09F7-480D-A659-DA288B9F7EF5}
	EndGlobalSection
EndGlobal
